
Microsoft Visual Studio Solution File, Format Version 12.00
# Visual Studio Version 17
VisualStudioVersion = 17.12.35527.113 d17.12
MinimumVisualStudioVersion = 10.0.40219.1
Project("{D2ABAB84-BF74-430A-B69E-9DC6D40DDA17}") = "MultidimensionalProject1", "MultidimensionalProject1.dwproj", "{335B9C80-F0B4-4E6B-A081-E2B9597CF5B1}"
EndProject
Global
	GlobalSection(SolutionConfigurationPlatforms) = preSolution
		Development|Default = Development|Default
	EndGlobalSection
	GlobalSection(ProjectConfigurationPlatforms) = postSolution
		{335B9C80-F0B4-4E6B-A081-E2B9597CF5B1}.Development|Default.ActiveCfg = Development
		{335B9C80-F0B4-4E6B-A081-E2B9597CF5B1}.Development|Default.Build.0 = Development
		{335B9C80-F0B4-4E6B-A081-E2B9597CF5B1}.Development|Default.Deploy.0 = Development
	EndGlobalSection
	GlobalSection(SolutionProperties) = preSolution
		HideSolutionNode = FALSE
	EndGlobalSection
EndGlobal
